
Microsoft Visual Studio Solution File, Format Version 12.00
# Visual Studio Version 17
VisualStudioVersion = 17.0.32112.339
MinimumVisualStudioVersion = 10.0.40219.1
Project("{9A19103F-16F7-4668-BE54-9A1E7A4F7556}") = "MaxAPI", "MaxAPI\MaxAPI.csproj", "{72DD338F-2ABA-4E1E-A111-ECCF4407290F}"
EndProject
Project("{FAE04EC0-301F-11D3-BF4B-00C04F79EFBC}") = "MaxAPITests", "MaxAPITests\MaxAPITests.csproj", "{A570170F-9939-4EAB-961E-72CF22D4C9B6}"
EndProject
Global
	GlobalSection(SolutionConfigurationPlatforms) = preSolution
		Debug|Any CPU = Debug|Any CPU
		Release|Any CPU = Release|Any CPU
	EndGlobalSection
	GlobalSection(ProjectConfigurationPlatforms) = postSolution
		{72DD338F-2ABA-4E1E-A111-ECCF4407290F}.Debug|Any CPU.ActiveCfg = Debug|Any CPU
		{72DD338F-2ABA-4E1E-A111-ECCF4407290F}.Debug|Any CPU.Build.0 = Debug|Any CPU
		{72DD338F-2ABA-4E1E-A111-ECCF4407290F}.Release|Any CPU.ActiveCfg = Release|Any CPU
		{72DD338F-2ABA-4E1E-A111-ECCF4407290F}.Release|Any CPU.Build.0 = Release|Any CPU
		{A570170F-9939-4EAB-961E-72CF22D4C9B6}.Debug|Any CPU.ActiveCfg = Debug|Any CPU
		{A570170F-9939-4EAB-961E-72CF22D4C9B6}.Debug|Any CPU.Build.0 = Debug|Any CPU
		{A570170F-9939-4EAB-961E-72CF22D4C9B6}.Release|Any CPU.ActiveCfg = Release|Any CPU
		{A570170F-9939-4EAB-961E-72CF22D4C9B6}.Release|Any CPU.Build.0 = Release|Any CPU
	EndGlobalSection
	GlobalSection(SolutionProperties) = preSolution
		HideSolutionNode = FALSE
	EndGlobalSection
	GlobalSection(ExtensibilityGlobals) = postSolution
		SolutionGuid = {917C6CA8-3CC0-4E69-8D22-7B46B0B400C4}
	EndGlobalSection
EndGlobal
